// !$*UTF8*$!
{
	archiveVersion = 1;
	classes = {
	};
	objectVersion = 46;
	objects = {

/* Begin PBXFileReference section */
		4FEF598A1B29D87D002344A7 /* doc */ = {isa = PBXFileReference; lastKnownFileType = folder; path = doc; sourceTree = "<group>"; };
		4FEF598B1B29D87D002344A7 /* Makefile */ = {isa = PBXFileReference; lastKnownFileType = sourcecode.make; path = Makefile; sourceTree = "<group>"; };
		4FEF598C1B29D87D002344A7 /* README */ = {isa = PBXFileReference; lastKnownFileType = text; path = README; sourceTree = "<group>"; };
		4FEF598D1B29D87D002344A7 /* src */ = {isa = PBXFileReference; lastKnownFileType = folder; path = src; sourceTree = "<group>"; };
/* End PBXFileReference section */

/* Begin PBXGroup section */
		4FEF59841B29D87D002344A7 = {
			isa = PBXGroup;
			children = (
				4FEF598A1B29D87D002344A7 /* doc */,
				4FEF598B1B29D87D002344A7 /* Makefile */,
				4FEF598C1B29D87D002344A7 /* README */,
				4FEF598D1B29D87D002344A7 /* src */,
			);
			sourceTree = "<group>";
		};
/* End PBXGroup section */

/* Begin PBXLegacyTarget section */
		4FEF59891B29D87D002344A7 /* lua-5.2.4 */ = {
			isa = PBXLegacyTarget;
			buildArgumentsString = "$(ACTION)";
			buildConfigurationList = 4FEF598E1B29D87D002344A7 /* Build configuration list for PBXLegacyTarget "lua-5.2.4" */;
			buildPhases = (
			);
			buildToolPath = /usr/bin/make;
			buildWorkingDirectory = "lua-5.2.4";
			dependencies = (
			);
			name = "lua-5.2.4";
			passBuildSettingsInEnvironment = 1;
			productName = "lua-5.2.4";
		};
/* End PBXLegacyTarget section */

/* Begin PBXProject section */
		4FEF59851B29D87D002344A7 /* Project object */ = {
			isa = PBXProject;
			attributes = {
			};
			buildConfigurationList = 4FEF59881B29D87D002344A7 /* Build configuration list for PBXProject "lua-5.2.4" */;
			compatibilityVersion = "Xcode 3.2";
			developmentRegion = English;
			hasScannedForEncodings = 0;
			knownRegions = (
				en,
			);
			mainGroup = 4FEF59841B29D87D002344A7;
			projectDirPath = "";
			projectRoot = "";
			targets = (
				4FEF59891B29D87D002344A7 /* lua-5.2.4 */,
			);
		};
/* End PBXProject section */

/* Begin XCBuildConfiguration section */
		4FEF59861B29D87D002344A7 /* Debug */ = {
			isa = XCBuildConfiguration;
			buildSettings = {
				ARCHS = "$(ARCHS_STANDARD_32_BIT)";
				COPY_PHASE_STRIP = NO;
				GCC_WARN_ABOUT_RETURN_TYPE = YES;
				GCC_WARN_UNUSED_VARIABLE = YES;
				ONLY_ACTIVE_ARCH = YES;
				SDKROOT = macosx10.6;
			};
			name = Debug;
		};
		4FEF59871B29D87D002344A7 /* Release */ = {
			isa = XCBuildConfiguration;
			buildSettings = {
				ARCHS = "$(ARCHS_STANDARD_32_BIT)";
				COPY_PHASE_STRIP = YES;
				GCC_WARN_ABOUT_RETURN_TYPE = YES;
				GCC_WARN_UNUSED_VARIABLE = YES;
				SDKROOT = macosx10.6;
			};
			name = Release;
		};
		4FEF598F1B29D87D002344A7 /* Debug */ = {
			isa = XCBuildConfiguration;
			buildSettings = {
				COPY_PHASE_STRIP = NO;
				DEBUGGING_SYMBOLS = YES;
				GCC_DYNAMIC_NO_PIC = NO;
				GCC_ENABLE_FIX_AND_CONTINUE = YES;
				GCC_GENERATE_DEBUGGING_SYMBOLS = YES;
				GCC_OPTIMIZATION_LEVEL = 0;
				OTHER_CFLAGS = "";
				OTHER_LDFLAGS = "";
				PRODUCT_NAME = "lua-5.2.4";
			};
			name = Debug;
		};
		4FEF59901B29D87D002344A7 /* Release */ = {
			isa = XCBuildConfiguration;
			buildSettings = {
				COPY_PHASE_STRIP = YES;
				DEBUG_INFORMATION_FORMAT = "dwarf-with-dsym";
				GCC_ENABLE_FIX_AND_CONTINUE = NO;
				OTHER_CFLAGS = "";
				OTHER_LDFLAGS = "";
				PRODUCT_NAME = "lua-5.2.4";
			};
			name = Release;
		};
/* End XCBuildConfiguration section */

/* Begin XCConfigurationList section */
		4FEF59881B29D87D002344A7 /* Build configuration list for PBXProject "lua-5.2.4" */ = {
			isa = XCConfigurationList;
			buildConfigurations = (
				4FEF59861B29D87D002344A7 /* Debug */,
				4FEF59871B29D87D002344A7 /* Release */,
			);
			defaultConfigurationIsVisible = 0;
			defaultConfigurationName = Release;
		};
		4FEF598E1B29D87D002344A7 /* Build configuration list for PBXLegacyTarget "lua-5.2.4" */ = {
			isa = XCConfigurationList;
			buildConfigurations = (
				4FEF598F1B29D87D002344A7 /* Debug */,
				4FEF59901B29D87D002344A7 /* Release */,
			);
			defaultConfigurationIsVisible = 0;
			defaultConfigurationName = Release;
		};
/* End XCConfigurationList section */
	};
	rootObject = 4FEF59851B29D87D002344A7 /* Project object */;
}
